# THIS IS AN AUTOGENERATED FILE. DO NOT EDIT THIS FILE DIRECTLY.
# yarn lockfile v1


"@socket.io/component-emitter@~3.1.0":
  version "3.1.0"
  resolved "https://registry.npmjs.org/@socket.io/component-emitter/-/component-emitter-3.1.0.tgz"
  integrity sha512-+9jVqKhRSpsc591z5vX+X5Yyw+he/HCB4iQ/RYxw35CEPaY1gnsNE43nf9n9AaYjAQrTiI/mOwKUKdUs9vf7Xg==

debug@~4.3.1, debug@~4.3.2:
  version "4.3.4"
  resolved "https://registry.npmjs.org/debug/-/debug-4.3.4.tgz"
  integrity sha512-PRWFHuSU3eDtQJPvnNY7Jcket1j0t5OuOsFzPPzsekD52Zl8qUfFIPEiswXqIvHWGVHOgX+7G/vCNNhehwxfkQ==
  dependencies:
    ms "2.1.2"

engine.io-client@~6.4.0:
  version "6.4.0"
  resolved "https://registry.npmjs.org/engine.io-client/-/engine.io-client-6.4.0.tgz"
  integrity sha512-GyKPDyoEha+XZ7iEqam49vz6auPnNJ9ZBfy89f+rMMas8AuiMWOZ9PVzu8xb9ZC6rafUqiGHSCfu22ih66E+1g==
  dependencies:
    "@socket.io/component-emitter" "~3.1.0"
    debug "~4.3.1"
    engine.io-parser "~5.0.3"
    ws "~8.11.0"
    xmlhttprequest-ssl "~2.0.0"

engine.io-parser@~5.0.3:
  version "5.0.6"
  resolved "https://registry.npmjs.org/engine.io-parser/-/engine.io-parser-5.0.6.tgz"
  integrity sha512-tjuoZDMAdEhVnSFleYPCtdL2GXwVTGtNjoeJd9IhIG3C1xs9uwxqRNEu5WpnDZCaozwVlK/nuQhpodhXSIMaxw==

freeice@^2.1.2:
  version "2.2.2"
  resolved "https://registry.yarnpkg.com/freeice/-/freeice-2.2.2.tgz#f66b3e0f67c2fda835161f76d4884881cde83be4"
  integrity sha512-XNoIxDHufqPIBSLpp4IrFPnoc+hv/0RwdOGhIoggIDC2ZKf5r6OoixbeoFJSmZOAq2aYiEUArhuQ8zVVrM5C4w==
  dependencies:
    normalice "^1.0.0"

hark@^1.0.0:
  version "1.2.3"
  resolved "https://registry.yarnpkg.com/hark/-/hark-1.2.3.tgz#959981400f561be5580ecd4321a9f55b16bacbd0"
  integrity sha512-u68vz9SCa38ESiFJSDjqK8XbXqWzyot7Cj6Y2b6jk2NJ+II3MY2dIrLMg/kjtIAun4Y1DHF/20hfx4rq1G5GMg==
  dependencies:
    wildemitter "^1.2.0"

inherits@^2.0.0:
  version "2.0.4"
  resolved "https://registry.yarnpkg.com/inherits/-/inherits-2.0.4.tgz#0fa2c64f932917c3433a0ded55363aae37416b7c"
  integrity sha512-k/vGaX4/Yla3WzyMCvTQOXYeIHvqOKtnqBduzTHpzpQZzAskKMhZ2K+EnBiSM9zGSoIFeMpXKxa4dYeZIQqewQ==

kurento-browser-extensions@*:
  version "0.0.2"
  resolved "https://registry.yarnpkg.com/kurento-browser-extensions/-/kurento-browser-extensions-0.0.2.tgz#4b2bac2b820aa004b724acf6ae3eb4dfe8126abb"
  integrity sha512-E1EkdrFj954UeTdfnNUWwrwolC6aeyCen/ws+5tAvPTIZSUyqXVvcp3Cwg7jQxiZioR4VFdZ1PXuv8A9q2GgVw==

kurento-utils@^7.0.0:
  version "7.0.0"
  resolved "https://registry.yarnpkg.com/kurento-utils/-/kurento-utils-7.0.0.tgz#1bf586e675a5d6a25f0887fb755959599d9240b7"
  integrity sha512-yvcxdNC5fZNPLfugdezWEG1ZfS/aM5DyWTEaOdKgvajZm6v1JiAskBaJ3hwJ0lVtWBGW5bBAjLC4WG1FYSKC3A==
  dependencies:
    freeice "^2.1.2"
    hark "^1.0.0"
    inherits "^2.0.0"
    merge "^1.2.0"
    sdp-translator "^0.1.15"
    ua-parser-js "^0.7.7"
    uuid "^3.0.0"
  optionalDependencies:
    kurento-browser-extensions "*"

merge@^1.2.0:
  version "1.2.1"
  resolved "https://registry.yarnpkg.com/merge/-/merge-1.2.1.tgz#38bebf80c3220a8a487b6fcfb3941bb11720c145"
  integrity sha512-VjFo4P5Whtj4vsLzsYBu5ayHhoHJ0UqNm7ibvShmbmoz7tGi0vXaoJbGdB+GmDMLUdg8DpQXEIeVDAe8MaABvQ==

ms@2.1.2:
  version "2.1.2"
  resolved "https://registry.npmjs.org/ms/-/ms-2.1.2.tgz"
  integrity sha512-sGkPx+VjMtmA6MX27oA4FBFELFCZZ4S4XqeGOXCv68tT+jb3vk/RyaKWP0PTKyWtmLSM0b+adUTEvbs1PEaH2w==

normalice@^1.0.0:
  version "1.0.1"
  resolved "https://registry.yarnpkg.com/normalice/-/normalice-1.0.1.tgz#03435c2eecd5631a6bca02da3930ec3e345a80f7"
  integrity sha512-wF2/tv9q/K8S+RqCgll5yC6z/zcXNr+rEHfGIw8A6D58vjfJo+kp749MI6cAHv72LE7nwv92Qi6tZhIeMOOJpg==

sdp-transform@1.5.*:
  version "1.5.3"
  resolved "https://registry.yarnpkg.com/sdp-transform/-/sdp-transform-1.5.3.tgz#8a6d0f8bd699ce3abc310ba4b1cde598928a0816"
  integrity sha512-WDWxxUgTR0QD8rAEnJpDoJMOigJU35oeXzleMdfbVhzrcOpwOwU6j2SDCNc2yOYAcvSDXYODtNU0DM1sOmkpHQ==

sdp-translator@^0.1.15:
  version "0.1.24"
  resolved "https://registry.yarnpkg.com/sdp-translator/-/sdp-translator-0.1.24.tgz#83fb8d634a63f15cd9944237dd90bd406906c6f3"
  integrity sha512-BZAamdLOtBw+DXwF/0vbimZl7oMtjVuyO6As4jO5HIBp2pLHfsRDSm4SXK5tFEMEs8Ugjq2V8Ny6SkMtOmdWig==
  dependencies:
    sdp-transform "1.5.*"

sdp@^3.2.0:
  version "3.2.0"
  resolved "https://registry.npmjs.org/sdp/-/sdp-3.2.0.tgz"
  integrity sha512-d7wDPgDV3DDiqulJjKiV2865wKsJ34YI+NDREbm+FySq6WuKOikwyNQcm+doLAZ1O6ltdO0SeKle2xMpN3Brgw==

socket.io-client@^4.6.1:
  version "4.6.1"
  resolved "https://registry.npmjs.org/socket.io-client/-/socket.io-client-4.6.1.tgz"
  integrity sha512-5UswCV6hpaRsNg5kkEHVcbBIXEYoVbMQaHJBXJCyEQ+CiFPV1NIOY0XOFWG4XR4GZcB8Kn6AsRs/9cy9TbqVMQ==
  dependencies:
    "@socket.io/component-emitter" "~3.1.0"
    debug "~4.3.2"
    engine.io-client "~6.4.0"
    socket.io-parser "~4.2.1"

socket.io-parser@~4.2.1:
  version "4.2.2"
  resolved "https://registry.npmjs.org/socket.io-parser/-/socket.io-parser-4.2.2.tgz"
  integrity sha512-DJtziuKypFkMMHCm2uIshOYC7QaylbtzQwiMYDuCKy3OPkjLzu4B2vAhTlqipRHHzrI0NJeBAizTK7X+6m1jVw==
  dependencies:
    "@socket.io/component-emitter" "~3.1.0"
    debug "~4.3.1"

ua-parser-js@^0.7.7:
  version "0.7.35"
  resolved "https://registry.yarnpkg.com/ua-parser-js/-/ua-parser-js-0.7.35.tgz#8bda4827be4f0b1dda91699a29499575a1f1d307"
  integrity sha512-veRf7dawaj9xaWEu9HoTVn5Pggtc/qj+kqTOFvNiN1l0YdxwC1kvel57UCjThjGa3BHBihE8/UJAHI+uQHmd/g==

uuid@^3.0.0:
  version "3.4.0"
  resolved "https://registry.yarnpkg.com/uuid/-/uuid-3.4.0.tgz#b23e4358afa8a202fe7a100af1f5f883f02007ee"
  integrity sha512-HjSDRw6gZE5JMggctHBcjVak08+KEVhSIiDzFnT9S9aegmp85S/bReBVTb4QTFaRNptJ9kuYaNhnbNEOkbKb/A==

webrtc-adapter@^8.2.2:
  version "8.2.2"
  resolved "https://registry.npmjs.org/webrtc-adapter/-/webrtc-adapter-8.2.2.tgz"
  integrity sha512-jQWwqiAEAFZamWliJo0Q+dIC6ZMJ8BgCFvW/oXWVFby1Nw14dOUfPwZ3lVe4nafDXdTyCUT7xfLt5xXiioXUCQ==
  dependencies:
    sdp "^3.2.0"

wildemitter@^1.2.0:
  version "1.2.1"
  resolved "https://registry.yarnpkg.com/wildemitter/-/wildemitter-1.2.1.tgz#9da3b5ca498e4378628d1783145493c70a10b774"
  integrity sha512-UMmSUoIQSir+XbBpTxOTS53uJ8s/lVhADCkEbhfRjUGFDPme/XGOb0sBWLx5sTz7Wx/2+TlAw1eK9O5lw5PiEw==

ws@~8.11.0:
  version "8.11.0"
  resolved "https://registry.npmjs.org/ws/-/ws-8.11.0.tgz"
  integrity sha512-HPG3wQd9sNQoT9xHyNCXoDUa+Xw/VevmY9FoHyQ+g+rrMn4j6FB4np7Z0OhdTgjx6MgQLK7jwSy1YecU1+4Asg==

xmlhttprequest-ssl@~2.0.0:
  version "2.0.0"
  resolved "https://registry.npmjs.org/xmlhttprequest-ssl/-/xmlhttprequest-ssl-2.0.0.tgz"
  integrity sha512-QKxVRxiRACQcVuQEYFsI1hhkrMlrXHPegbbd1yn9UHOmRxY+si12nQYzri3vbzt8VdTTRviqcKxcyllFas5z2A==
